
Microsoft Visual Studio Solution File, Format Version 12.00
# Visual Studio Version 17
VisualStudioVersion = 17.14.37502.11 d17.14
MinimumVisualStudioVersion = 10.0.40219.1
Project("{FAE04EC0-301F-11D3-BF4B-00C04F79EFBC}") = "OpenCVDemo", "OpenCVDemo\OpenCVDemo.csproj", "{2CAB0C1D-A9E9-4415-9D15-FB7145D97E96}"
EndProject
Global
	GlobalSection(SolutionConfigurationPlatforms) = preSolution
		Debug|Any CPU = Debug|Any CPU
		Release|Any CPU = Release|Any CPU
	EndGlobalSection
	GlobalSection(ProjectConfigurationPlatforms) = postSolution
		{2CAB0C1D-A9E9-4415-9D15-FB7145D97E96}.Debug|Any CPU.ActiveCfg = Debug|Any CPU
		{2CAB0C1D-A9E9-4415-9D15-FB7145D97E96}.Debug|Any CPU.Build.0 = Debug|Any CPU
		{2CAB0C1D-A9E9-4415-9D15-FB7145D97E96}.Release|Any CPU.ActiveCfg = Release|Any CPU
		{2CAB0C1D-A9E9-4415-9D15-FB7145D97E96}.Release|Any CPU.Build.0 = Release|Any CPU
	EndGlobalSection
	GlobalSection(SolutionProperties) = preSolution
		HideSolutionNode = FALSE
	EndGlobalSection
	GlobalSection(ExtensibilityGlobals) = postSolution
		SolutionGuid = {A1A479D1-1EB0-4A0D-A821-4A0457B031B5}
	EndGlobalSection
EndGlobal
